
Microsoft Visual Studio Solution File, Format Version 12.00
# Visual Studio Version 16
VisualStudioVersion = 16.6.30114.105
MinimumVisualStudioVersion = 10.0.40219.1
Project("{FAE04EC0-301F-11D3-BF4B-00C04F79EFBC}") = "CustomerManagement.Web", "CustomerManagement.Web\CustomerManagement.Web.csproj", "{52F04B3D-0D82-49ED-ACE8-36EC0191DB27}"
EndProject
Project("{FAE04EC0-301F-11D3-BF4B-00C04F79EFBC}") = "CustomerManagement.Core", "CustomerManagement.Core\CustomerManagement.Core.csproj", "{427E137B-3FB3-48D6-82A3-6763A58AF5F1}"
EndProject
Project("{FAE04EC0-301F-11D3-BF4B-00C04F79EFBC}") = "CustomerManagement.Data", "CustomerManagement.Data\CustomerManagement.Data.csproj", "{D4ABF172-05B5-4E6A-B728-24CBBD4DB8E7}"
EndProject
Project("{FAE04EC0-301F-11D3-BF4B-00C04F79EFBC}") = "CustomerManagement.Services", "CustomerManagement.Services\CustomerManagement.Services.csproj", "{B03A3ACF-F8A7-4BF8-A054-37047CFD2BDD}"
EndProject
Global
	GlobalSection(SolutionConfigurationPlatforms) = preSolution
		Debug|Any CPU = Debug|Any CPU
		Debug|x64 = Debug|x64
		Debug|x86 = Debug|x86
		Release|Any CPU = Release|Any CPU
		Release|x64 = Release|x64
		Release|x86 = Release|x86
	EndGlobalSection
	GlobalSection(SolutionProperties) = preSolution
		HideSolutionNode = FALSE
	EndGlobalSection
	GlobalSection(ProjectConfigurationPlatforms) = postSolution
		{52F04B3D-0D82-49ED-ACE8-36EC0191DB27}.Debug|Any CPU.ActiveCfg = Debug|Any CPU
		{52F04B3D-0D82-49ED-ACE8-36EC0191DB27}.Debug|Any CPU.Build.0 = Debug|Any CPU
		{52F04B3D-0D82-49ED-ACE8-36EC0191DB27}.Debug|x64.ActiveCfg = Debug|Any CPU
		{52F04B3D-0D82-49ED-ACE8-36EC0191DB27}.Debug|x64.Build.0 = Debug|Any CPU
		{52F04B3D-0D82-49ED-ACE8-36EC0191DB27}.Debug|x86.ActiveCfg = Debug|Any CPU
		{52F04B3D-0D82-49ED-ACE8-36EC0191DB27}.Debug|x86.Build.0 = Debug|Any CPU
		{52F04B3D-0D82-49ED-ACE8-36EC0191DB27}.Release|Any CPU.ActiveCfg = Release|Any CPU
		{52F04B3D-0D82-49ED-ACE8-36EC0191DB27}.Release|Any CPU.Build.0 = Release|Any CPU
		{52F04B3D-0D82-49ED-ACE8-36EC0191DB27}.Release|x64.ActiveCfg = Release|Any CPU
		{52F04B3D-0D82-49ED-ACE8-36EC0191DB27}.Release|x64.Build.0 = Release|Any CPU
		{52F04B3D-0D82-49ED-ACE8-36EC0191DB27}.Release|x86.ActiveCfg = Release|Any CPU
		{52F04B3D-0D82-49ED-ACE8-36EC0191DB27}.Release|x86.Build.0 = Release|Any CPU
		{427E137B-3FB3-48D6-82A3-6763A58AF5F1}.Debug|Any CPU.ActiveCfg = Debug|Any CPU
		{427E137B-3FB3-48D6-82A3-6763A58AF5F1}.Debug|Any CPU.Build.0 = Debug|Any CPU
		{427E137B-3FB3-48D6-82A3-6763A58AF5F1}.Debug|x64.ActiveCfg = Debug|Any CPU
		{427E137B-3FB3-48D6-82A3-6763A58AF5F1}.Debug|x64.Build.0 = Debug|Any CPU
		{427E137B-3FB3-48D6-82A3-6763A58AF5F1}.Debug|x86.ActiveCfg = Debug|Any CPU
		{427E137B-3FB3-48D6-82A3-6763A58AF5F1}.Debug|x86.Build.0 = Debug|Any CPU
		{427E137B-3FB3-48D6-82A3-6763A58AF5F1}.Release|Any CPU.ActiveCfg = Release|Any CPU
		{427E137B-3FB3-48D6-82A3-6763A58AF5F1}.Release|Any CPU.Build.0 = Release|Any CPU
		{427E137B-3FB3-48D6-82A3-6763A58AF5F1}.Release|x64.ActiveCfg = Release|Any CPU
		{427E137B-3FB3-48D6-82A3-6763A58AF5F1}.Release|x64.Build.0 = Release|Any CPU
		{427E137B-3FB3-48D6-82A3-6763A58AF5F1}.Release|x86.ActiveCfg = Release|Any CPU
		{427E137B-3FB3-48D6-82A3-6763A58AF5F1}.Release|x86.Build.0 = Release|Any CPU
		{D4ABF172-05B5-4E6A-B728-24CBBD4DB8E7}.Debug|Any CPU.ActiveCfg = Debug|Any CPU
		{D4ABF172-05B5-4E6A-B728-24CBBD4DB8E7}.Debug|Any CPU.Build.0 = Debug|Any CPU
		{D4ABF172-05B5-4E6A-B728-24CBBD4DB8E7}.Debug|x64.ActiveCfg = Debug|Any CPU
		{D4ABF172-05B5-4E6A-B728-24CBBD4DB8E7}.Debug|x64.Build.0 = Debug|Any CPU
		{D4ABF172-05B5-4E6A-B728-24CBBD4DB8E7}.Debug|x86.ActiveCfg = Debug|Any CPU
		{D4ABF172-05B5-4E6A-B728-24CBBD4DB8E7}.Debug|x86.Build.0 = Debug|Any CPU
		{D4ABF172-05B5-4E6A-B728-24CBBD4DB8E7}.Release|Any CPU.ActiveCfg = Release|Any CPU
		{D4ABF172-05B5-4E6A-B728-24CBBD4DB8E7}.Release|Any CPU.Build.0 = Release|Any CPU
		{D4ABF172-05B5-4E6A-B728-24CBBD4DB8E7}.Release|x64.ActiveCfg = Release|Any CPU
		{D4ABF172-05B5-4E6A-B728-24CBBD4DB8E7}.Release|x64.Build.0 = Release|Any CPU
		{D4ABF172-05B5-4E6A-B728-24CBBD4DB8E7}.Release|x86.ActiveCfg = Release|Any CPU
		{D4ABF172-05B5-4E6A-B728-24CBBD4DB8E7}.Release|x86.Build.0 = Release|Any CPU
		{B03A3ACF-F8A7-4BF8-A054-37047CFD2BDD}.Debug|Any CPU.ActiveCfg = Debug|Any CPU
		{B03A3ACF-F8A7-4BF8-A054-37047CFD2BDD}.Debug|Any CPU.Build.0 = Debug|Any CPU
		{B03A3ACF-F8A7-4BF8-A054-37047CFD2BDD}.Debug|x64.ActiveCfg = Debug|Any CPU
		{B03A3ACF-F8A7-4BF8-A054-37047CFD2BDD}.Debug|x64.Build.0 = Debug|Any CPU
		{B03A3ACF-F8A7-4BF8-A054-37047CFD2BDD}.Debug|x86.ActiveCfg = Debug|Any CPU
		{B03A3ACF-F8A7-4BF8-A054-37047CFD2BDD}.Debug|x86.Build.0 = Debug|Any CPU
		{B03A3ACF-F8A7-4BF8-A054-37047CFD2BDD}.Release|Any CPU.ActiveCfg = Release|Any CPU
		{B03A3ACF-F8A7-4BF8-A054-37047CFD2BDD}.Release|Any CPU.Build.0 = Release|Any CPU
		{B03A3ACF-F8A7-4BF8-A054-37047CFD2BDD}.Release|x64.ActiveCfg = Release|Any CPU
		{B03A3ACF-F8A7-4BF8-A054-37047CFD2BDD}.Release|x64.Build.0 = Release|Any CPU
		{B03A3ACF-F8A7-4BF8-A054-37047CFD2BDD}.Release|x86.ActiveCfg = Release|Any CPU
		{B03A3ACF-F8A7-4BF8-A054-37047CFD2BDD}.Release|x86.Build.0 = Release|Any CPU
	EndGlobalSection
EndGlobal
